
Microsoft Visual Studio Solution File, Format Version 12.00
# Visual Studio Version 17
VisualStudioVersion = 17.7.34024.191
MinimumVisualStudioVersion = 10.0.40219.1
Project("{FAE04EC0-301F-11D3-BF4B-00C04F79EFBC}") = "CoffeMachineKata", "CoffeMachineKata\CoffeMachineKata.csproj", "{04F8D2EB-335F-477B-97B8-B0FD1F1F2649}"
EndProject
Global
	GlobalSection(SolutionConfigurationPlatforms) = preSolution
		Debug|Any CPU = Debug|Any CPU
		Release|Any CPU = Release|Any CPU
	EndGlobalSection
	GlobalSection(ProjectConfigurationPlatforms) = postSolution
		{04F8D2EB-335F-477B-97B8-B0FD1F1F2649}.Debug|Any CPU.ActiveCfg = Debug|Any CPU
		{04F8D2EB-335F-477B-97B8-B0FD1F1F2649}.Debug|Any CPU.Build.0 = Debug|Any CPU
		{04F8D2EB-335F-477B-97B8-B0FD1F1F2649}.Release|Any CPU.ActiveCfg = Release|Any CPU
		{04F8D2EB-335F-477B-97B8-B0FD1F1F2649}.Release|Any CPU.Build.0 = Release|Any CPU
	EndGlobalSection
	GlobalSection(SolutionProperties) = preSolution
		HideSolutionNode = FALSE
	EndGlobalSection
	GlobalSection(ExtensibilityGlobals) = postSolution
		SolutionGuid = {ADCF0D39-CEF7-4A28-B144-A6D78CA460D6}
	EndGlobalSection
EndGlobal
